
Microsoft Visual Studio Solution File, Format Version 12.00
# Visual Studio Version 16
VisualStudioVersion = 16.0.32630.194
MinimumVisualStudioVersion = 10.0.40219.1
Project("{8BC9CEB8-8B4A-11D0-8D11-00A0C91BC942}") = "ConsoleApplication52", "ConsoleApplication52.vcxproj", "{C66185B6-BAAE-4350-AAF2-C9AB1FF24EE9}"
EndProject
Global
	GlobalSection(SolutionConfigurationPlatforms) = preSolution
		Debug|x64 = Debug|x64
		Debug|x86 = Debug|x86
		Release|x64 = Release|x64
		Release|x86 = Release|x86
	EndGlobalSection
	GlobalSection(ProjectConfigurationPlatforms) = postSolution
		{C66185B6-BAAE-4350-AAF2-C9AB1FF24EE9}.Debug|x64.ActiveCfg = Debug|x64
		{C66185B6-BAAE-4350-AAF2-C9AB1FF24EE9}.Debug|x64.Build.0 = Debug|x64
		{C66185B6-BAAE-4350-AAF2-C9AB1FF24EE9}.Debug|x86.ActiveCfg = Debug|Win32
		{C66185B6-BAAE-4350-AAF2-C9AB1FF24EE9}.Debug|x86.Build.0 = Debug|Win32
		{C66185B6-BAAE-4350-AAF2-C9AB1FF24EE9}.Release|x64.ActiveCfg = Release|x64
		{C66185B6-BAAE-4350-AAF2-C9AB1FF24EE9}.Release|x64.Build.0 = Release|x64
		{C66185B6-BAAE-4350-AAF2-C9AB1FF24EE9}.Release|x86.ActiveCfg = Release|Win32
		{C66185B6-BAAE-4350-AAF2-C9AB1FF24EE9}.Release|x86.Build.0 = Release|Win32
	EndGlobalSection
	GlobalSection(SolutionProperties) = preSolution
		HideSolutionNode = FALSE
	EndGlobalSection
	GlobalSection(ExtensibilityGlobals) = postSolution
		SolutionGuid = {250CA4FA-2FF0-4F06-91DF-16B225AC7B3D}
	EndGlobalSection
EndGlobal
